<?xml version="1.0" encoding="utf-8"?>
<Project ToolsVersion="4.0" xmlns="http://schemas.microsoft.com/developer/msbuild/2003">
  <ItemGroup>
    <Filter Include="Source Files">
      <UniqueIdentifier>{4FC737F1-C7A5-4376-A066-2A32D752A2FF}</UniqueIdentifier>
      <Extensions>cpp;c;cc;cxx;def;odl;idl;hpj;bat;asm;asmx</Extensions>
    </Filter>
    <Filter Include="Header Files">
      <UniqueIdentifier>{93995380-89BD-4b04-88EB-625FBE52EBFB}</UniqueIdentifier>
      <Extensions>h;hh;hpp;hxx;hm;inl;inc;ipp;xsd</Extensions>
    </Filter>
    <Filter Include="Resource Files">
      <UniqueIdentifier>{67DA6AB6-F800-4c08-8B7A-83BB121AAD01}</UniqueIdentifier>
      <Extensions>rc;ico;cur;bmp;dlg;rc2;rct;bin;rgs;gif;jpg;jpeg;jpe;resx;tiff;tif;png;wav;mfcribbon-ms</Extensions>
    </Filter>
  </ItemGroup>
  <ItemGroup>
    <ClInclude Include="targetver.h">
      <Filter>Header Files</Filter>
    </ClInclude>
    <ClInclude Include="..\SDKFromArduino\include\binary.h">
      <Filter>Header Files</Filter>
    </ClInclude>
    <ClInclude Include="..\SDKFromArduino\include\Client.h">
      <Filter>Header Files</Filter>
    </ClInclude>
    <ClInclude Include="..\SDKFromArduino\include\IPAddress.h">
      <Filter>Header Files</Filter>
    </ClInclude>
    <ClInclude Include="..\SDKFromArduino\include\LiquidCrystal.h">
      <Filter>Header Files</Filter>
    </ClInclude>
    <ClInclude Include="..\SDKFromArduino\include\Print.h">
      <Filter>Header Files</Filter>
    </ClInclude>
    <ClInclude Include="..\SDKFromArduino\include\Printable.h">
      <Filter>Header Files</Filter>
    </ClInclude>
    <ClInclude Include="..\SDKFromArduino\include\Server.h">
      <Filter>Header Files</Filter>
    </ClInclude>
    <ClInclude Include="..\SDKFromArduino\include\Stepper.h">
      <Filter>Header Files</Filter>
    </ClInclude>
    <ClInclude Include="..\SDKFromArduino\include\Stream.h">
      <Filter>Header Files</Filter>
    </ClInclude>
    <ClInclude Include="..\SDKFromArduino\include\Udp.h">
      <Filter>Header Files</Filter>
    </ClInclude>
    <ClInclude Include="..\SDKFromArduino\include\WCharacter.h">
      <Filter>Header Files</Filter>
    </ClInclude>
    <ClInclude Include="..\SDKFromArduino\include\WString.h">
      <Filter>Header Files</Filter>
    </ClInclude>
    <ClInclude Include="..\source\Adc.h">
      <Filter>Header Files</Filter>
    </ClInclude>
    <ClInclude Include="..\source\ADS1015Support.h">
      <Filter>Header Files</Filter>
    </ClInclude>
    <ClInclude Include="..\source\arduino.h">
      <Filter>Header Files</Filter>
    </ClInclude>
    <ClInclude Include="..\source\ArduinoCommon.h">
      <Filter>Header Files</Filter>
    </ClInclude>
    <ClInclude Include="..\source\ArduinoError.h">
      <Filter>Header Files</Filter>
    </ClInclude>
    <ClInclude Include="..\source\BcmI2cController.h">
      <Filter>Header Files</Filter>
    </ClInclude>
    <ClInclude Include="..\source\BcmSpiController.h">
      <Filter>Header Files</Filter>
    </ClInclude>
    <ClInclude Include="..\source\BoardPins.h">
      <Filter>Header Files</Filter>
    </ClInclude>
    <ClInclude Include="..\source\BtI2cController.h">
      <Filter>Header Files</Filter>
    </ClInclude>
    <ClInclude Include="..\source\BtSpiController.h">
      <Filter>Header Files</Filter>
    </ClInclude>
    <ClInclude Include="..\source\DMap.h">
      <Filter>Header Files</Filter>
    </ClInclude>
    <ClInclude Include="..\source\DmapSupport.h">
      <Filter>Header Files</Filter>
    </ClInclude>
    <ClInclude Include="..\source\eeprom.h">
      <Filter>Header Files</Filter>
    </ClInclude>
    <ClInclude Include="..\source\ErrorCodes.h">
      <Filter>Header Files</Filter>
    </ClInclude>
    <ClInclude Include="..\source\ExpanderDefs.h">
      <Filter>Header Files</Filter>
    </ClInclude>
    <ClInclude Include="..\source\GpioController.h">
      <Filter>Header Files</Filter>
    </ClInclude>
    <ClInclude Include="..\source\GpioInterrupt.h">
      <Filter>Header Files</Filter>
    </ClInclude>
    <ClInclude Include="..\source\HardwareSerial.h">
      <Filter>Header Files</Filter>
    </ClInclude>
    <ClInclude Include="..\source\HiResTimer.h">
      <Filter>Header Files</Filter>
    </ClInclude>
    <ClInclude Include="..\source\I2c.h">
      <Filter>Header Files</Filter>
    </ClInclude>
    <ClInclude Include="..\source\I2cController.h">
      <Filter>Header Files</Filter>
    </ClInclude>
    <ClInclude Include="..\source\I2cTransaction.h">
      <Filter>Header Files</Filter>
    </ClInclude>
    <ClInclude Include="..\source\I2cTransfer.h">
      <Filter>Header Files</Filter>
    </ClInclude>
    <ClInclude Include="..\source\Lightning.h">
      <Filter>Header Files</Filter>
    </ClInclude>
    <ClInclude Include="..\source\LightningCAPIs.h">
      <Filter>Header Files</Filter>
    </ClInclude>
    <ClInclude Include="..\source\MCP3008support.h">
      <Filter>Header Files</Filter>
    </ClInclude>
    <ClInclude Include="..\source\MuxDefs.h">
      <Filter>Header Files</Filter>
    </ClInclude>
    <ClInclude Include="..\source\NetworkSerial.h">
      <Filter>Header Files</Filter>
    </ClInclude>
    <ClInclude Include="..\source\PCA9685Support.h">
      <Filter>Header Files</Filter>
    </ClInclude>
    <ClInclude Include="..\source\pins_arduino.h">
      <Filter>Header Files</Filter>
    </ClInclude>
    <ClInclude Include="..\source\PulseIn.h">
      <Filter>Header Files</Filter>
    </ClInclude>
    <ClInclude Include="..\source\Servo.h">
      <Filter>Header Files</Filter>
    </ClInclude>
    <ClInclude Include="..\source\spi.h">
      <Filter>Header Files</Filter>
    </ClInclude>
    <ClInclude Include="..\source\SpiController.h">
      <Filter>Header Files</Filter>
    </ClInclude>
    <ClInclude Include="..\source\WindowsRandom.h">
      <Filter>Header Files</Filter>
    </ClInclude>
    <ClInclude Include="..\source\WindowsTime.h">
      <Filter>Header Files</Filter>
    </ClInclude>
    <ClInclude Include="..\source\Wire.h">
      <Filter>Header Files</Filter>
    </ClInclude>
    <ClInclude Include="pch.h">
      <Filter>Header Files</Filter>
    </ClInclude>
  </ItemGroup>
  <ItemGroup>
    <ClCompile Include="dllmain.cpp">
      <Filter>Source Files</Filter>
    </ClCompile>
    <ClCompile Include="..\SDKFromArduino\source\IPAddress.cpp">
      <Filter>Source Files</Filter>
    </ClCompile>
    <ClCompile Include="..\SDKFromArduino\source\LiquidCrystal.cpp">
      <Filter>Source Files</Filter>
    </ClCompile>
    <ClCompile Include="..\SDKFromArduino\source\Print.cpp">
      <Filter>Source Files</Filter>
    </ClCompile>
    <ClCompile Include="..\SDKFromArduino\source\Stepper.cpp">
      <Filter>Source Files</Filter>
    </ClCompile>
    <ClCompile Include="..\SDKFromArduino\source\Stream.cpp">
      <Filter>Source Files</Filter>
    </ClCompile>
    <ClCompile Include="..\SDKFromArduino\source\WString.cpp">
      <Filter>Source Files</Filter>
    </ClCompile>
    <ClCompile Include="..\source\arduino.cpp">
      <Filter>Source Files</Filter>
    </ClCompile>
    <ClCompile Include="..\source\BcmI2cController.cpp">
      <Filter>Source Files</Filter>
    </ClCompile>
    <ClCompile Include="..\source\BcmSpiController.cpp">
      <Filter>Source Files</Filter>
    </ClCompile>
    <ClCompile Include="..\source\BoardPins.cpp">
      <Filter>Source Files</Filter>
    </ClCompile>
    <ClCompile Include="..\source\BtI2cController.cpp">
      <Filter>Source Files</Filter>
    </ClCompile>
    <ClCompile Include="..\source\BtSpiController.cpp">
      <Filter>Source Files</Filter>
    </ClCompile>
    <ClCompile Include="..\source\DmapErrors.cpp">
      <Filter>Source Files</Filter>
    </ClCompile>
    <ClCompile Include="..\source\DmapSupport.cpp">
      <Filter>Source Files</Filter>
    </ClCompile>
    <ClCompile Include="..\source\eeprom.cpp">
      <Filter>Source Files</Filter>
    </ClCompile>
    <ClCompile Include="..\source\GpioController.cpp">
      <Filter>Source Files</Filter>
    </ClCompile>
    <ClCompile Include="..\source\GpioInterrupt.cpp">
      <Filter>Source Files</Filter>
    </ClCompile>
    <ClCompile Include="..\source\HardwareSerial.cpp">
      <Filter>Source Files</Filter>
    </ClCompile>
    <ClCompile Include="..\source\I2c.cpp">
      <Filter>Source Files</Filter>
    </ClCompile>
    <ClCompile Include="..\source\I2cController.cpp">
      <Filter>Source Files</Filter>
    </ClCompile>
    <ClCompile Include="..\source\I2cTransaction.cpp">
      <Filter>Source Files</Filter>
    </ClCompile>
    <ClCompile Include="..\source\LightningCAPIs.cpp">
      <Filter>Source Files</Filter>
    </ClCompile>
    <ClCompile Include="..\source\NetworkSerial.cpp">
      <Filter>Source Files</Filter>
    </ClCompile>
    <ClCompile Include="..\source\PCA9685Support.cpp">
      <Filter>Source Files</Filter>
    </ClCompile>
    <ClCompile Include="..\source\PulseIn.cpp">
      <Filter>Source Files</Filter>
    </ClCompile>
    <ClCompile Include="..\source\Servo.cpp">
      <Filter>Source Files</Filter>
    </ClCompile>
    <ClCompile Include="..\source\Spi.cpp">
      <Filter>Source Files</Filter>
    </ClCompile>
    <ClCompile Include="..\source\SpiController.cpp">
      <Filter>Source Files</Filter>
    </ClCompile>
    <ClCompile Include="pch.cpp">
      <Filter>Source Files</Filter>
    </ClCompile>
  </ItemGroup>
</Project>